
Microsoft Visual Studio Solution File, Format Version 12.00
# Visual Studio Version 16
VisualStudioVersion = 16.0.30503.244
MinimumVisualStudioVersion = 10.0.40219.1
Project("{2150E333-8FDC-42A3-9474-1A3956D46DE8}") = "Services", "Services", "{E314B386-B7BF-45AD-92F1-FB70BD294488}"
EndProject
Project("{2150E333-8FDC-42A3-9474-1A3956D46DE8}") = "Domain", "Domain", "{3F418BE3-1F5C-4F0A-BE2D-0818EF425BF3}"
EndProject
Project("{2150E333-8FDC-42A3-9474-1A3956D46DE8}") = "Shared.Kernel", "Shared.Kernel", "{04215F60-E62D-44A9-9922-0B8E60FB9594}"
EndProject
Project("{FAE04EC0-301F-11D3-BF4B-00C04F79EFBC}") = "Domain.Core", "Domain\Domain.Core\Domain.Core.csproj", "{42AA753B-A3FB-4CBD-B24E-60E4C583FD2C}"
EndProject
Project("{2150E333-8FDC-42A3-9474-1A3956D46DE8}") = "Infra.Bus", "Infra.Bus", "{333E51C4-76E8-4A51-8F0B-AC948301899F}"
EndProject
Project("{FAE04EC0-301F-11D3-BF4B-00C04F79EFBC}") = "MessageBroker.Infra.Bus", "Infra.Bus\MessageBroker.Infra.Bus\MessageBroker.Infra.Bus.csproj", "{154DBFAB-30CF-486B-AA35-4F0570ACD4B2}"
EndProject
Global
	GlobalSection(SolutionConfigurationPlatforms) = preSolution
		Debug|Any CPU = Debug|Any CPU
		Release|Any CPU = Release|Any CPU
	EndGlobalSection
	GlobalSection(ProjectConfigurationPlatforms) = postSolution
		{42AA753B-A3FB-4CBD-B24E-60E4C583FD2C}.Debug|Any CPU.ActiveCfg = Debug|Any CPU
		{42AA753B-A3FB-4CBD-B24E-60E4C583FD2C}.Debug|Any CPU.Build.0 = Debug|Any CPU
		{42AA753B-A3FB-4CBD-B24E-60E4C583FD2C}.Release|Any CPU.ActiveCfg = Release|Any CPU
		{42AA753B-A3FB-4CBD-B24E-60E4C583FD2C}.Release|Any CPU.Build.0 = Release|Any CPU
		{154DBFAB-30CF-486B-AA35-4F0570ACD4B2}.Debug|Any CPU.ActiveCfg = Debug|Any CPU
		{154DBFAB-30CF-486B-AA35-4F0570ACD4B2}.Debug|Any CPU.Build.0 = Debug|Any CPU
		{154DBFAB-30CF-486B-AA35-4F0570ACD4B2}.Release|Any CPU.ActiveCfg = Release|Any CPU
		{154DBFAB-30CF-486B-AA35-4F0570ACD4B2}.Release|Any CPU.Build.0 = Release|Any CPU
	EndGlobalSection
	GlobalSection(SolutionProperties) = preSolution
		HideSolutionNode = FALSE
	EndGlobalSection
	GlobalSection(NestedProjects) = preSolution
		{42AA753B-A3FB-4CBD-B24E-60E4C583FD2C} = {3F418BE3-1F5C-4F0A-BE2D-0818EF425BF3}
		{154DBFAB-30CF-486B-AA35-4F0570ACD4B2} = {333E51C4-76E8-4A51-8F0B-AC948301899F}
	EndGlobalSection
	GlobalSection(ExtensibilityGlobals) = postSolution
		SolutionGuid = {20D83F28-8217-4F89-A4C3-793F79D05026}
	EndGlobalSection
EndGlobal
